
Microsoft Visual Studio Solution File, Format Version 12.00
# Visual Studio Version 17
VisualStudioVersion = 17.5.33530.505
MinimumVisualStudioVersion = 10.0.40219.1
Project("{FAE04EC0-301F-11D3-BF4B-00C04F79EFBC}") = "verduraoDaFartura", "verduraoDaFartura\verduraoDaFartura.csproj", "{9E78ED11-BB5D-486C-9F13-6C7B56D5DED8}"
EndProject
Global
	GlobalSection(SolutionConfigurationPlatforms) = preSolution
		Debug|Any CPU = Debug|Any CPU
		Release|Any CPU = Release|Any CPU
	EndGlobalSection
	GlobalSection(ProjectConfigurationPlatforms) = postSolution
		{9E78ED11-BB5D-486C-9F13-6C7B56D5DED8}.Debug|Any CPU.ActiveCfg = Debug|Any CPU
		{9E78ED11-BB5D-486C-9F13-6C7B56D5DED8}.Debug|Any CPU.Build.0 = Debug|Any CPU
		{9E78ED11-BB5D-486C-9F13-6C7B56D5DED8}.Release|Any CPU.ActiveCfg = Release|Any CPU
		{9E78ED11-BB5D-486C-9F13-6C7B56D5DED8}.Release|Any CPU.Build.0 = Release|Any CPU
	EndGlobalSection
	GlobalSection(SolutionProperties) = preSolution
		HideSolutionNode = FALSE
	EndGlobalSection
	GlobalSection(ExtensibilityGlobals) = postSolution
		SolutionGuid = {5E217144-6317-4F97-A44C-C6A4C798A4D4}
	EndGlobalSection
EndGlobal
